Microsoft Visual Studio Solution File, Format Version 12.00
# Visual Studio 15
VisualStudioVersion = 15.0.27130.2003
MinimumVisualStudioVersion = 10.0.40219.1
Project("{2150E333-8FDC-42A3-9474-1A3956D46DE8}") = "Solution Items", "Solution Items", "{879C3088-C54C-402D-9D6F-8A41736BB9EE}"
EndProject
Project("{9A19103F-16F7-4668-BE54-9A1E7A4F7556}") = "GameCitys", "AppleGame\GameCitys.csproj", "{D9675194-15FF-4A5D-B25C-99A4E738BDA9}"
EndProject
Project("{9A19103F-16F7-4668-BE54-9A1E7A4F7556}") = "GameCity", "GameCity\GameCity.csproj", "{EB92116B-C95B-4228-B905-6A4BAC87A8A3}"
EndProject
Project("{9A19103F-16F7-4668-BE54-9A1E7A4F7556}") = "CardsGame", "CardsGame\CardsGame.csproj", "{72A1AB86-526C-4D39-9150-AE4F1F724F2F}"
EndProject
Project("{9A19103F-16F7-4668-BE54-9A1E7A4F7556}") = "GameSimpleCards", "Game_SimpleCards\GameSimpleCards.csproj", "{177F75EC-CA2D-4181-851E-39142F27E646}"
EndProject
Project("{9A19103F-16F7-4668-BE54-9A1E7A4F7556}") = "IGameCity", "ICityGame\IGameCity.csproj", "{CA947366-AB35-48F8-BE29-8012A2D58503}"
EndProject
Project("{9A19103F-16F7-4668-BE54-9A1E7A4F7556}") = "GameTiger", "GameTiger\GameTiger.csproj", "{93DB78E2-7CBF-4BD2-97B6-90A3A59D0D4B}"
EndProject
Project("{9A19103F-16F7-4668-BE54-9A1E7A4F7556}") = "GameThreePokers", "GameThreePokers\GameThreePokers.csproj", "{A6DBF66C-7922-4881-AC87-D05ABFE472B1}"
EndProject
Project("{9A19103F-16F7-4668-BE54-9A1E7A4F7556}") = "GameMajiangDaoDaoHu", "GameMajiangDaoDaoHu\GameMajiangDaoDaoHu.csproj", "{A19B1F3B-7CB2-47C7-92C7-8C2A32278DD6}"
EndProject
Global
	GlobalSection(SolutionConfigurationPlatforms) = preSolution
		Debug|Any CPU = Debug|Any CPU
		Debug|x86 = Debug|x86
		Release|Any CPU = Release|Any CPU
		Release|x86 = Release|x86
	EndGlobalSection
	GlobalSection(ProjectConfigurationPlatforms) = postSolution
		{D9675194-15FF-4A5D-B25C-99A4E738BDA9}.Debug|Any CPU.ActiveCfg = Debug|Any CPU
		{D9675194-15FF-4A5D-B25C-99A4E738BDA9}.Debug|Any CPU.Build.0 = Debug|Any CPU
		{D9675194-15FF-4A5D-B25C-99A4E738BDA9}.Debug|x86.ActiveCfg = Debug|Any CPU
		{D9675194-15FF-4A5D-B25C-99A4E738BDA9}.Debug|x86.Build.0 = Debug|Any CPU
		{D9675194-15FF-4A5D-B25C-99A4E738BDA9}.Release|Any CPU.ActiveCfg = Release|Any CPU
		{D9675194-15FF-4A5D-B25C-99A4E738BDA9}.Release|Any CPU.Build.0 = Release|Any CPU
		{D9675194-15FF-4A5D-B25C-99A4E738BDA9}.Release|x86.ActiveCfg = Release|Any CPU
		{D9675194-15FF-4A5D-B25C-99A4E738BDA9}.Release|x86.Build.0 = Release|Any CPU
		{EB92116B-C95B-4228-B905-6A4BAC87A8A3}.Debug|Any CPU.ActiveCfg = Debug|Any CPU
		{EB92116B-C95B-4228-B905-6A4BAC87A8A3}.Debug|Any CPU.Build.0 = Debug|Any CPU
		{EB92116B-C95B-4228-B905-6A4BAC87A8A3}.Debug|x86.ActiveCfg = Debug|Any CPU
		{EB92116B-C95B-4228-B905-6A4BAC87A8A3}.Debug|x86.Build.0 = Debug|Any CPU
		{EB92116B-C95B-4228-B905-6A4BAC87A8A3}.Release|Any CPU.ActiveCfg = Release|Any CPU
		{EB92116B-C95B-4228-B905-6A4BAC87A8A3}.Release|Any CPU.Build.0 = Release|Any CPU
		{EB92116B-C95B-4228-B905-6A4BAC87A8A3}.Release|x86.ActiveCfg = Release|Any CPU
		{EB92116B-C95B-4228-B905-6A4BAC87A8A3}.Release|x86.Build.0 = Release|Any CPU
		{72A1AB86-526C-4D39-9150-AE4F1F724F2F}.Debug|Any CPU.ActiveCfg = Debug|Any CPU
		{72A1AB86-526C-4D39-9150-AE4F1F724F2F}.Debug|Any CPU.Build.0 = Debug|Any CPU
		{72A1AB86-526C-4D39-9150-AE4F1F724F2F}.Debug|x86.ActiveCfg = Debug|Any CPU
		{72A1AB86-526C-4D39-9150-AE4F1F724F2F}.Debug|x86.Build.0 = Debug|Any CPU
		{72A1AB86-526C-4D39-9150-AE4F1F724F2F}.Release|Any CPU.ActiveCfg = Release|Any CPU
		{72A1AB86-526C-4D39-9150-AE4F1F724F2F}.Release|Any CPU.Build.0 = Release|Any CPU
		{72A1AB86-526C-4D39-9150-AE4F1F724F2F}.Release|x86.ActiveCfg = Release|Any CPU
		{72A1AB86-526C-4D39-9150-AE4F1F724F2F}.Release|x86.Build.0 = Release|Any CPU
		{177F75EC-CA2D-4181-851E-39142F27E646}.Debug|Any CPU.ActiveCfg = Debug|Any CPU
		{177F75EC-CA2D-4181-851E-39142F27E646}.Debug|Any CPU.Build.0 = Debug|Any CPU
		{177F75EC-CA2D-4181-851E-39142F27E646}.Debug|x86.ActiveCfg = Debug|Any CPU
		{177F75EC-CA2D-4181-851E-39142F27E646}.Debug|x86.Build.0 = Debug|Any CPU
		{177F75EC-CA2D-4181-851E-39142F27E646}.Release|Any CPU.ActiveCfg = Release|Any CPU
		{177F75EC-CA2D-4181-851E-39142F27E646}.Release|Any CPU.Build.0 = Release|Any CPU
		{177F75EC-CA2D-4181-851E-39142F27E646}.Release|x86.ActiveCfg = Release|Any CPU
		{177F75EC-CA2D-4181-851E-39142F27E646}.Release|x86.Build.0 = Release|Any CPU
		{CA947366-AB35-48F8-BE29-8012A2D58503}.Debug|Any CPU.ActiveCfg = Debug|Any CPU
		{CA947366-AB35-48F8-BE29-8012A2D58503}.Debug|Any CPU.Build.0 = Debug|Any CPU
		{CA947366-AB35-48F8-BE29-8012A2D58503}.Debug|x86.ActiveCfg = Debug|Any CPU
		{CA947366-AB35-48F8-BE29-8012A2D58503}.Debug|x86.Build.0 = Debug|Any CPU
		{CA947366-AB35-48F8-BE29-8012A2D58503}.Release|Any CPU.ActiveCfg = Release|Any CPU
		{CA947366-AB35-48F8-BE29-8012A2D58503}.Release|Any CPU.Build.0 = Release|Any CPU
		{CA947366-AB35-48F8-BE29-8012A2D58503}.Release|x86.ActiveCfg = Release|Any CPU
		{CA947366-AB35-48F8-BE29-8012A2D58503}.Release|x86.Build.0 = Release|Any CPU
		{93DB78E2-7CBF-4BD2-97B6-90A3A59D0D4B}.Debug|Any CPU.ActiveCfg = Debug|Any CPU
		{93DB78E2-7CBF-4BD2-97B6-90A3A59D0D4B}.Debug|Any CPU.Build.0 = Debug|Any CPU
		{93DB78E2-7CBF-4BD2-97B6-90A3A59D0D4B}.Debug|x86.ActiveCfg = Debug|Any CPU
		{93DB78E2-7CBF-4BD2-97B6-90A3A59D0D4B}.Debug|x86.Build.0 = Debug|Any CPU
		{93DB78E2-7CBF-4BD2-97B6-90A3A59D0D4B}.Release|Any CPU.ActiveCfg = Release|Any CPU
		{93DB78E2-7CBF-4BD2-97B6-90A3A59D0D4B}.Release|Any CPU.Build.0 = Release|Any CPU
		{93DB78E2-7CBF-4BD2-97B6-90A3A59D0D4B}.Release|x86.ActiveCfg = Release|Any CPU
		{93DB78E2-7CBF-4BD2-97B6-90A3A59D0D4B}.Release|x86.Build.0 = Release|Any CPU
		{A6DBF66C-7922-4881-AC87-D05ABFE472B1}.Debug|Any CPU.ActiveCfg = Debug|Any CPU
		{A6DBF66C-7922-4881-AC87-D05ABFE472B1}.Debug|Any CPU.Build.0 = Debug|Any CPU
		{A6DBF66C-7922-4881-AC87-D05ABFE472B1}.Debug|x86.ActiveCfg = Debug|Any CPU
		{A6DBF66C-7922-4881-AC87-D05ABFE472B1}.Debug|x86.Build.0 = Debug|Any CPU
		{A6DBF66C-7922-4881-AC87-D05ABFE472B1}.Release|Any CPU.ActiveCfg = Release|Any CPU
		{A6DBF66C-7922-4881-AC87-D05ABFE472B1}.Release|Any CPU.Build.0 = Release|Any CPU
		{A6DBF66C-7922-4881-AC87-D05ABFE472B1}.Release|x86.ActiveCfg = Release|Any CPU
		{A6DBF66C-7922-4881-AC87-D05ABFE472B1}.Release|x86.Build.0 = Release|Any CPU
		{A19B1F3B-7CB2-47C7-92C7-8C2A32278DD6}.Debug|Any CPU.ActiveCfg = Debug|Any CPU
		{A19B1F3B-7CB2-47C7-92C7-8C2A32278DD6}.Debug|Any CPU.Build.0 = Debug|Any CPU
		{A19B1F3B-7CB2-47C7-92C7-8C2A32278DD6}.Debug|x86.ActiveCfg = Debug|Any CPU
		{A19B1F3B-7CB2-47C7-92C7-8C2A32278DD6}.Debug|x86.Build.0 = Debug|Any CPU
		{A19B1F3B-7CB2-47C7-92C7-8C2A32278DD6}.Release|Any CPU.ActiveCfg = Release|Any CPU
		{A19B1F3B-7CB2-47C7-92C7-8C2A32278DD6}.Release|Any CPU.Build.0 = Release|Any CPU
		{A19B1F3B-7CB2-47C7-92C7-8C2A32278DD6}.Release|x86.ActiveCfg = Release|Any CPU
		{A19B1F3B-7CB2-47C7-92C7-8C2A32278DD6}.Release|x86.Build.0 = Release|Any CPU
	EndGlobalSection
	GlobalSection(SolutionProperties) = preSolution
		HideSolutionNode = FALSE
	EndGlobalSection
	GlobalSection(NestedProjects) = preSolution
		{D9675194-15FF-4A5D-B25C-99A4E738BDA9} = {879C3088-C54C-402D-9D6F-8A41736BB9EE}
		{EB92116B-C95B-4228-B905-6A4BAC87A8A3} = {879C3088-C54C-402D-9D6F-8A41736BB9EE}
		{72A1AB86-526C-4D39-9150-AE4F1F724F2F} = {879C3088-C54C-402D-9D6F-8A41736BB9EE}
		{177F75EC-CA2D-4181-851E-39142F27E646} = {879C3088-C54C-402D-9D6F-8A41736BB9EE}
		{CA947366-AB35-48F8-BE29-8012A2D58503} = {879C3088-C54C-402D-9D6F-8A41736BB9EE}
		{93DB78E2-7CBF-4BD2-97B6-90A3A59D0D4B} = {879C3088-C54C-402D-9D6F-8A41736BB9EE}
		{A6DBF66C-7922-4881-AC87-D05ABFE472B1} = {879C3088-C54C-402D-9D6F-8A41736BB9EE}
		{A19B1F3B-7CB2-47C7-92C7-8C2A32278DD6} = {879C3088-C54C-402D-9D6F-8A41736BB9EE}
	EndGlobalSection
	GlobalSection(ExtensibilityGlobals) = postSolution
		SolutionGuid = {DC5524F4-66B7-470A-A288-9693F3058B20}
	EndGlobalSection
	GlobalSection(Performance) = preSolution
		HasPerformanceSessions = true
	EndGlobalSection
	GlobalSection(Performance) = preSolution
		HasPerformanceSessions = true
	EndGlobalSection
EndGlobal
